
Microsoft Visual Studio Solution File, Format Version 12.00
# Visual Studio 15
VisualStudioVersion = 15.0.28010.2003
MinimumVisualStudioVersion = 10.0.40219.1
Project("{FAE04EC0-301F-11D3-BF4B-00C04F79EFBC}") = "WpfWorkplace", "WpfWorkplace\WpfWorkplace.csproj", "{093105BC-2754-4F6D-B90E-93AE608164DB}"
EndProject
Project("{FAE04EC0-301F-11D3-BF4B-00C04F79EFBC}") = "Workplace.Gui.WPF", "Workplace.Gui.WPF\Workplace.Gui.WPF.csproj", "{F82D24F7-D214-4B50-9D7A-2C398F371A56}"
EndProject
Project("{FAE04EC0-301F-11D3-BF4B-00C04F79EFBC}") = "Workplace.Common", "Workplace.Common\Workplace.Common.csproj", "{56611922-DE71-4E96-B0A8-DB68DD29FF65}"
EndProject
Project("{FAE04EC0-301F-11D3-BF4B-00C04F79EFBC}") = "Workplace.ConsoleApp", "Workplace.Console\Workplace.ConsoleApp.csproj", "{0A8F721A-0A4A-4527-A756-791E0C1B7127}"
EndProject
Global
	GlobalSection(SolutionConfigurationPlatforms) = preSolution
		Debug|Any CPU = Debug|Any CPU
		Release|Any CPU = Release|Any CPU
	EndGlobalSection
	GlobalSection(ProjectConfigurationPlatforms) = postSolution
		{093105BC-2754-4F6D-B90E-93AE608164DB}.Debug|Any CPU.ActiveCfg = Debug|Any CPU
		{093105BC-2754-4F6D-B90E-93AE608164DB}.Debug|Any CPU.Build.0 = Debug|Any CPU
		{093105BC-2754-4F6D-B90E-93AE608164DB}.Release|Any CPU.ActiveCfg = Release|Any CPU
		{093105BC-2754-4F6D-B90E-93AE608164DB}.Release|Any CPU.Build.0 = Release|Any CPU
		{F82D24F7-D214-4B50-9D7A-2C398F371A56}.Debug|Any CPU.ActiveCfg = Debug|Any CPU
		{F82D24F7-D214-4B50-9D7A-2C398F371A56}.Debug|Any CPU.Build.0 = Debug|Any CPU
		{F82D24F7-D214-4B50-9D7A-2C398F371A56}.Release|Any CPU.ActiveCfg = Release|Any CPU
		{F82D24F7-D214-4B50-9D7A-2C398F371A56}.Release|Any CPU.Build.0 = Release|Any CPU
		{56611922-DE71-4E96-B0A8-DB68DD29FF65}.Debug|Any CPU.ActiveCfg = Debug|Any CPU
		{56611922-DE71-4E96-B0A8-DB68DD29FF65}.Debug|Any CPU.Build.0 = Debug|Any CPU
		{56611922-DE71-4E96-B0A8-DB68DD29FF65}.Release|Any CPU.ActiveCfg = Release|Any CPU
		{56611922-DE71-4E96-B0A8-DB68DD29FF65}.Release|Any CPU.Build.0 = Release|Any CPU
		{0A8F721A-0A4A-4527-A756-791E0C1B7127}.Debug|Any CPU.ActiveCfg = Debug|Any CPU
		{0A8F721A-0A4A-4527-A756-791E0C1B7127}.Debug|Any CPU.Build.0 = Debug|Any CPU
		{0A8F721A-0A4A-4527-A756-791E0C1B7127}.Release|Any CPU.ActiveCfg = Release|Any CPU
		{0A8F721A-0A4A-4527-A756-791E0C1B7127}.Release|Any CPU.Build.0 = Release|Any CPU
	EndGlobalSection
	GlobalSection(SolutionProperties) = preSolution
		HideSolutionNode = FALSE
	EndGlobalSection
	GlobalSection(ExtensibilityGlobals) = postSolution
		SolutionGuid = {AD7CAE0D-4EFA-4310-813D-1BCAAA899B37}
	EndGlobalSection
EndGlobal
